
Microsoft Visual Studio Solution File, Format Version 12.00
# Visual Studio Version 17
VisualStudioVersion = 17.1.32228.430
MinimumVisualStudioVersion = 10.0.40219.1
Project("{FAE04EC0-301F-11D3-BF4B-00C04F79EFBC}") = "DiagramaClases", "DiagramaClases\DiagramaClases.csproj", "{6509FB8D-DA01-4E49-8634-20522BD6F203}"
EndProject
Global
	GlobalSection(SolutionConfigurationPlatforms) = preSolution
		Debug|Any CPU = Debug|Any CPU
		Release|Any CPU = Release|Any CPU
	EndGlobalSection
	GlobalSection(ProjectConfigurationPlatforms) = postSolution
		{6509FB8D-DA01-4E49-8634-20522BD6F203}.Debug|Any CPU.ActiveCfg = Debug|Any CPU
		{6509FB8D-DA01-4E49-8634-20522BD6F203}.Debug|Any CPU.Build.0 = Debug|Any CPU
		{6509FB8D-DA01-4E49-8634-20522BD6F203}.Release|Any CPU.ActiveCfg = Release|Any CPU
		{6509FB8D-DA01-4E49-8634-20522BD6F203}.Release|Any CPU.Build.0 = Release|Any CPU
	EndGlobalSection
	GlobalSection(SolutionProperties) = preSolution
		HideSolutionNode = FALSE
	EndGlobalSection
	GlobalSection(ExtensibilityGlobals) = postSolution
		SolutionGuid = {2B9C5944-DE62-46D6-B125-7182249BF5FA}
	EndGlobalSection
EndGlobal
